
Microsoft Visual Studio Solution File, Format Version 12.00
# Visual Studio Version 17
VisualStudioVersion = 17.6.33815.320
MinimumVisualStudioVersion = 10.0.40219.1
Project("{9A19103F-16F7-4668-BE54-9A1E7A4F7556}") = "Ledger", "Calender\Ledger.csproj", "{D49EDE1E-2212-4F8A-BCFD-F73E6481AD1B}"
EndProject
Project("{54435603-DBB4-11D2-8724-00A0C9A8B90C}") = "Setup1", "Setup1\Setup1.vdproj", "{E1177A96-1C72-4E28-A991-3DC8056A92C6}"
EndProject
Global
	GlobalSection(SolutionConfigurationPlatforms) = preSolution
		Debug|Any CPU = Debug|Any CPU
		Release|Any CPU = Release|Any CPU
	EndGlobalSection
	GlobalSection(ProjectConfigurationPlatforms) = postSolution
		{D49EDE1E-2212-4F8A-BCFD-F73E6481AD1B}.Debug|Any CPU.ActiveCfg = Debug|Any CPU
		{D49EDE1E-2212-4F8A-BCFD-F73E6481AD1B}.Debug|Any CPU.Build.0 = Debug|Any CPU
		{D49EDE1E-2212-4F8A-BCFD-F73E6481AD1B}.Release|Any CPU.ActiveCfg = Release|Any CPU
		{D49EDE1E-2212-4F8A-BCFD-F73E6481AD1B}.Release|Any CPU.Build.0 = Release|Any CPU
		{E1177A96-1C72-4E28-A991-3DC8056A92C6}.Debug|Any CPU.ActiveCfg = Debug
		{E1177A96-1C72-4E28-A991-3DC8056A92C6}.Release|Any CPU.ActiveCfg = Release
	EndGlobalSection
	GlobalSection(SolutionProperties) = preSolution
		HideSolutionNode = FALSE
	EndGlobalSection
	GlobalSection(ExtensibilityGlobals) = postSolution
		SolutionGuid = {B89A097F-2CB3-4EA4-B66E-2BD22FEEF9B8}
	EndGlobalSection
EndGlobal
